
Microsoft Visual Studio Solution File, Format Version 12.00
# Visual Studio Version 17
VisualStudioVersion = 17.9.34607.119
MinimumVisualStudioVersion = 10.0.40219.1
Project("{9A19103F-16F7-4668-BE54-9A1E7A4F7556}") = "ConstructionSiteReportingSystem", "ConstructionSIteReportingSystem\ConstructionSiteReportingSystem.csproj", "{A89008B0-853A-4C64-81CA-165D84ADFCB7}"
EndProject
Project("{9A19103F-16F7-4668-BE54-9A1E7A4F7556}") = "ConstructionSiteReportingSystem.Infrastructure", "ConstructionSiteReportingSystem.Infrastructure\ConstructionSiteReportingSystem.Infrastructure.csproj", "{921EC0FB-182B-49C0-B135-9F52CB15D40A}"
EndProject
Project("{9A19103F-16F7-4668-BE54-9A1E7A4F7556}") = "ConstructionSiteReportingSystem.Core", "ConstructionSiteReportingSystem.Core\ConstructionSiteReportingSystem.Core.csproj", "{C96FA05F-C8B2-4D77-A6D3-B74A281A1F4B}"
EndProject
Project("{FAE04EC0-301F-11D3-BF4B-00C04F79EFBC}") = "ConstructionSiteReportingSystem.Tests", "ConstructionSiteReportingSystem.Tests\ConstructionSiteReportingSystem.Tests.csproj", "{E5233A00-6459-4284-AF33-B5E8CE7AB483}"
EndProject
Global
	GlobalSection(SolutionConfigurationPlatforms) = preSolution
		Debug|Any CPU = Debug|Any CPU
		Release|Any CPU = Release|Any CPU
	EndGlobalSection
	GlobalSection(ProjectConfigurationPlatforms) = postSolution
		{A89008B0-853A-4C64-81CA-165D84ADFCB7}.Debug|Any CPU.ActiveCfg = Debug|Any CPU
		{A89008B0-853A-4C64-81CA-165D84ADFCB7}.Debug|Any CPU.Build.0 = Debug|Any CPU
		{A89008B0-853A-4C64-81CA-165D84ADFCB7}.Release|Any CPU.ActiveCfg = Release|Any CPU
		{A89008B0-853A-4C64-81CA-165D84ADFCB7}.Release|Any CPU.Build.0 = Release|Any CPU
		{921EC0FB-182B-49C0-B135-9F52CB15D40A}.Debug|Any CPU.ActiveCfg = Debug|Any CPU
		{921EC0FB-182B-49C0-B135-9F52CB15D40A}.Debug|Any CPU.Build.0 = Debug|Any CPU
		{921EC0FB-182B-49C0-B135-9F52CB15D40A}.Release|Any CPU.ActiveCfg = Release|Any CPU
		{921EC0FB-182B-49C0-B135-9F52CB15D40A}.Release|Any CPU.Build.0 = Release|Any CPU
		{C96FA05F-C8B2-4D77-A6D3-B74A281A1F4B}.Debug|Any CPU.ActiveCfg = Debug|Any CPU
		{C96FA05F-C8B2-4D77-A6D3-B74A281A1F4B}.Debug|Any CPU.Build.0 = Debug|Any CPU
		{C96FA05F-C8B2-4D77-A6D3-B74A281A1F4B}.Release|Any CPU.ActiveCfg = Release|Any CPU
		{C96FA05F-C8B2-4D77-A6D3-B74A281A1F4B}.Release|Any CPU.Build.0 = Release|Any CPU
		{E5233A00-6459-4284-AF33-B5E8CE7AB483}.Debug|Any CPU.ActiveCfg = Debug|Any CPU
		{E5233A00-6459-4284-AF33-B5E8CE7AB483}.Debug|Any CPU.Build.0 = Debug|Any CPU
		{E5233A00-6459-4284-AF33-B5E8CE7AB483}.Release|Any CPU.ActiveCfg = Release|Any CPU
		{E5233A00-6459-4284-AF33-B5E8CE7AB483}.Release|Any CPU.Build.0 = Release|Any CPU
	EndGlobalSection
	GlobalSection(SolutionProperties) = preSolution
		HideSolutionNode = FALSE
	EndGlobalSection
	GlobalSection(ExtensibilityGlobals) = postSolution
		SolutionGuid = {F8C57821-DBBC-4E67-9F72-43748A7B4788}
	EndGlobalSection
EndGlobal
